
Microsoft Visual Studio Solution File, Format Version 12.00
# Visual Studio Version 17
VisualStudioVersion = 17.6.33723.286
MinimumVisualStudioVersion = 10.0.40219.1
Project("{FAE04EC0-301F-11D3-BF4B-00C04F79EFBC}") = "CeviriUygulamasi", "CeviriUygulamasi\CeviriUygulamasi.csproj", "{F26BFFBC-09E9-4BAF-B093-B797221593C2}"
EndProject
Global
	GlobalSection(SolutionConfigurationPlatforms) = preSolution
		Debug|Any CPU = Debug|Any CPU
		Release|Any CPU = Release|Any CPU
	EndGlobalSection
	GlobalSection(ProjectConfigurationPlatforms) = postSolution
		{F26BFFBC-09E9-4BAF-B093-B797221593C2}.Debug|Any CPU.ActiveCfg = Debug|Any CPU
		{F26BFFBC-09E9-4BAF-B093-B797221593C2}.Debug|Any CPU.Build.0 = Debug|Any CPU
		{F26BFFBC-09E9-4BAF-B093-B797221593C2}.Release|Any CPU.ActiveCfg = Release|Any CPU
		{F26BFFBC-09E9-4BAF-B093-B797221593C2}.Release|Any CPU.Build.0 = Release|Any CPU
	EndGlobalSection
	GlobalSection(SolutionProperties) = preSolution
		HideSolutionNode = FALSE
	EndGlobalSection
	GlobalSection(ExtensibilityGlobals) = postSolution
		SolutionGuid = {C165CA32-879D-4012-A893-1F62BE7134B4}
	EndGlobalSection
EndGlobal
